
Microsoft Visual Studio Solution File, Format Version 12.00
# Visual Studio 15
VisualStudioVersion = 15.0.28307.168
MinimumVisualStudioVersion = 10.0.40219.1
Project("{E24C65DC-7377-472B-9ABA-BC803B73C61A}") = "Bussiness-Three", "Bussiness-Three\", "{E2F0A057-3B20-463F-A4E3-28053DEEDEC3}"
	ProjectSection(WebsiteProperties) = preProject
		TargetFrameworkMoniker = ".NETFramework,Version%3Dv4.6.1"
		Debug.AspNetCompiler.VirtualPath = "/localhost_51847"
		Debug.AspNetCompiler.PhysicalPath = "Bussiness-Three\"
		Debug.AspNetCompiler.TargetPath = "PrecompiledWeb\localhost_51847\"
		Debug.AspNetCompiler.Updateable = "true"
		Debug.AspNetCompiler.ForceOverwrite = "true"
		Debug.AspNetCompiler.FixedNames = "false"
		Debug.AspNetCompiler.Debug = "True"
		Release.AspNetCompiler.VirtualPath = "/localhost_51847"
		Release.AspNetCompiler.PhysicalPath = "Bussiness-Three\"
		Release.AspNetCompiler.TargetPath = "PrecompiledWeb\localhost_51847\"
		Release.AspNetCompiler.Updateable = "true"
		Release.AspNetCompiler.ForceOverwrite = "true"
		Release.AspNetCompiler.FixedNames = "false"
		Release.AspNetCompiler.Debug = "False"
		VWDPort = "51847"
		SlnRelativePath = "Bussiness-Three\"
		DefaultWebSiteLanguage = "Visual C#"
	EndProjectSection
EndProject
Global
	GlobalSection(SolutionConfigurationPlatforms) = preSolution
		Debug|Any CPU = Debug|Any CPU
	EndGlobalSection
	GlobalSection(ProjectConfigurationPlatforms) = postSolution
		{E2F0A057-3B20-463F-A4E3-28053DEEDEC3}.Debug|Any CPU.ActiveCfg = Debug|Any CPU
		{E2F0A057-3B20-463F-A4E3-28053DEEDEC3}.Debug|Any CPU.Build.0 = Debug|Any CPU
	EndGlobalSection
	GlobalSection(SolutionProperties) = preSolution
		HideSolutionNode = FALSE
	EndGlobalSection
	GlobalSection(ExtensibilityGlobals) = postSolution
		SolutionGuid = {0705D1DF-3A1E-44C9-8EA0-DD8AC9BBDA1E}
	EndGlobalSection
EndGlobal
